
Microsoft Visual Studio Solution File, Format Version 12.00
# Visual Studio 2012
Project("{FAE04EC0-301F-11D3-BF4B-00C04F79EFBC}") = "AT_UnitTest", "AT_UnitTest\AT_UnitTest.csproj", "{40F47DFB-6BF3-4589-82B6-B5B43949DDC6}"
EndProject
Project("{FAE04EC0-301F-11D3-BF4B-00C04F79EFBC}") = "ATUnitTest_UnitTest", "ATUnitTest_UnitTest\ATUnitTest_UnitTest.csproj", "{769C60E0-5F96-4447-8BC8-C81AC18B3219}"
EndProject
Project("{2150E333-8FDC-42A3-9474-1A3956D46DE8}") = ".nuget", ".nuget", "{95605BF5-DC3D-460D-A693-A28270BF6AFD}"
	ProjectSection(SolutionItems) = preProject
		.nuget\packages.config = .nuget\packages.config
	EndProjectSection
EndProject
Global
	GlobalSection(SolutionConfigurationPlatforms) = preSolution
		Debug|Any CPU = Debug|Any CPU
		Release|Any CPU = Release|Any CPU
	EndGlobalSection
	GlobalSection(ProjectConfigurationPlatforms) = postSolution
		{40F47DFB-6BF3-4589-82B6-B5B43949DDC6}.Debug|Any CPU.ActiveCfg = Debug|Any CPU
		{40F47DFB-6BF3-4589-82B6-B5B43949DDC6}.Debug|Any CPU.Build.0 = Debug|Any CPU
		{40F47DFB-6BF3-4589-82B6-B5B43949DDC6}.Release|Any CPU.ActiveCfg = Release|Any CPU
		{40F47DFB-6BF3-4589-82B6-B5B43949DDC6}.Release|Any CPU.Build.0 = Release|Any CPU
		{769C60E0-5F96-4447-8BC8-C81AC18B3219}.Debug|Any CPU.ActiveCfg = Debug|Any CPU
		{769C60E0-5F96-4447-8BC8-C81AC18B3219}.Debug|Any CPU.Build.0 = Debug|Any CPU
		{769C60E0-5F96-4447-8BC8-C81AC18B3219}.Release|Any CPU.ActiveCfg = Release|Any CPU
		{769C60E0-5F96-4447-8BC8-C81AC18B3219}.Release|Any CPU.Build.0 = Release|Any CPU
	EndGlobalSection
	GlobalSection(SolutionProperties) = preSolution
		HideSolutionNode = FALSE
	EndGlobalSection
EndGlobal
